
Microsoft Visual Studio Solution File, Format Version 12.00
# Visual Studio 15
VisualStudioVersion = 15.0.28010.2036
MinimumVisualStudioVersion = 10.0.40219.1
Project("{FAE04EC0-301F-11D3-BF4B-00C04F79EFBC}") = "Sort", "Sort\Sort.csproj", "{AC283E5A-D7A3-4894-99E9-057F0F57FCDB}"
EndProject
Project("{FAE04EC0-301F-11D3-BF4B-00C04F79EFBC}") = "List", "List\List.csproj", "{49E6E9C3-791F-4E4D-9ABF-34A2400B3752}"
EndProject
Project("{8BC9CEB8-8B4A-11D0-8D11-00A0C91BC942}") = "List C++", "List C++\List C++.vcxproj", "{5FE53B18-AEF1-45F9-B0F3-5623227F8AC6}"
EndProject
Global
	GlobalSection(SolutionConfigurationPlatforms) = preSolution
		Debug|Any CPU = Debug|Any CPU
		Debug|x64 = Debug|x64
		Debug|x86 = Debug|x86
		Release|Any CPU = Release|Any CPU
		Release|x64 = Release|x64
		Release|x86 = Release|x86
	EndGlobalSection
	GlobalSection(ProjectConfigurationPlatforms) = postSolution
		{AC283E5A-D7A3-4894-99E9-057F0F57FCDB}.Debug|Any CPU.ActiveCfg = Debug|Any CPU
		{AC283E5A-D7A3-4894-99E9-057F0F57FCDB}.Debug|Any CPU.Build.0 = Debug|Any CPU
		{AC283E5A-D7A3-4894-99E9-057F0F57FCDB}.Debug|x64.ActiveCfg = Debug|Any CPU
		{AC283E5A-D7A3-4894-99E9-057F0F57FCDB}.Debug|x64.Build.0 = Debug|Any CPU
		{AC283E5A-D7A3-4894-99E9-057F0F57FCDB}.Debug|x86.ActiveCfg = Debug|Any CPU
		{AC283E5A-D7A3-4894-99E9-057F0F57FCDB}.Debug|x86.Build.0 = Debug|Any CPU
		{AC283E5A-D7A3-4894-99E9-057F0F57FCDB}.Release|Any CPU.ActiveCfg = Release|Any CPU
		{AC283E5A-D7A3-4894-99E9-057F0F57FCDB}.Release|Any CPU.Build.0 = Release|Any CPU
		{AC283E5A-D7A3-4894-99E9-057F0F57FCDB}.Release|x64.ActiveCfg = Release|Any CPU
		{AC283E5A-D7A3-4894-99E9-057F0F57FCDB}.Release|x64.Build.0 = Release|Any CPU
		{AC283E5A-D7A3-4894-99E9-057F0F57FCDB}.Release|x86.ActiveCfg = Release|Any CPU
		{AC283E5A-D7A3-4894-99E9-057F0F57FCDB}.Release|x86.Build.0 = Release|Any CPU
		{49E6E9C3-791F-4E4D-9ABF-34A2400B3752}.Debug|Any CPU.ActiveCfg = Debug|Any CPU
		{49E6E9C3-791F-4E4D-9ABF-34A2400B3752}.Debug|Any CPU.Build.0 = Debug|Any CPU
		{49E6E9C3-791F-4E4D-9ABF-34A2400B3752}.Debug|x64.ActiveCfg = Debug|Any CPU
		{49E6E9C3-791F-4E4D-9ABF-34A2400B3752}.Debug|x64.Build.0 = Debug|Any CPU
		{49E6E9C3-791F-4E4D-9ABF-34A2400B3752}.Debug|x86.ActiveCfg = Debug|Any CPU
		{49E6E9C3-791F-4E4D-9ABF-34A2400B3752}.Debug|x86.Build.0 = Debug|Any CPU
		{49E6E9C3-791F-4E4D-9ABF-34A2400B3752}.Release|Any CPU.ActiveCfg = Release|Any CPU
		{49E6E9C3-791F-4E4D-9ABF-34A2400B3752}.Release|Any CPU.Build.0 = Release|Any CPU
		{49E6E9C3-791F-4E4D-9ABF-34A2400B3752}.Release|x64.ActiveCfg = Release|Any CPU
		{49E6E9C3-791F-4E4D-9ABF-34A2400B3752}.Release|x64.Build.0 = Release|Any CPU
		{49E6E9C3-791F-4E4D-9ABF-34A2400B3752}.Release|x86.ActiveCfg = Release|Any CPU
		{49E6E9C3-791F-4E4D-9ABF-34A2400B3752}.Release|x86.Build.0 = Release|Any CPU
		{5FE53B18-AEF1-45F9-B0F3-5623227F8AC6}.Debug|Any CPU.ActiveCfg = Debug|Win32
		{5FE53B18-AEF1-45F9-B0F3-5623227F8AC6}.Debug|x64.ActiveCfg = Debug|x64
		{5FE53B18-AEF1-45F9-B0F3-5623227F8AC6}.Debug|x64.Build.0 = Debug|x64
		{5FE53B18-AEF1-45F9-B0F3-5623227F8AC6}.Debug|x86.ActiveCfg = Debug|Win32
		{5FE53B18-AEF1-45F9-B0F3-5623227F8AC6}.Debug|x86.Build.0 = Debug|Win32
		{5FE53B18-AEF1-45F9-B0F3-5623227F8AC6}.Release|Any CPU.ActiveCfg = Release|Win32
		{5FE53B18-AEF1-45F9-B0F3-5623227F8AC6}.Release|x64.ActiveCfg = Release|x64
		{5FE53B18-AEF1-45F9-B0F3-5623227F8AC6}.Release|x64.Build.0 = Release|x64
		{5FE53B18-AEF1-45F9-B0F3-5623227F8AC6}.Release|x86.ActiveCfg = Release|Win32
		{5FE53B18-AEF1-45F9-B0F3-5623227F8AC6}.Release|x86.Build.0 = Release|Win32
	EndGlobalSection
	GlobalSection(SolutionProperties) = preSolution
		HideSolutionNode = FALSE
	EndGlobalSection
	GlobalSection(ExtensibilityGlobals) = postSolution
		SolutionGuid = {75CE9BA9-01FC-49CD-87E6-DA95CC61F2E2}
	EndGlobalSection
EndGlobal
